
Microsoft Visual Studio Solution File, Format Version 11.00
# Visual Studio 2010
Project("{8BC9CEB8-8B4A-11D0-8D11-00A0C91BC942}") = "Mayfly", "Mayfly.vcxproj", "{7EB39DB2-34DB-4871-A52B-0219E55B6039}"
EndProject
Global
	GlobalSection(SolutionConfigurationPlatforms) = preSolution
		Debug|Win32 = Debug|Win32
		Release|Win32 = Release|Win32
	EndGlobalSection
	GlobalSection(ProjectConfigurationPlatforms) = postSolution
		{7EB39DB2-34DB-4871-A52B-0219E55B6039}.Debug|Win32.ActiveCfg = Debug|Win32
		{7EB39DB2-34DB-4871-A52B-0219E55B6039}.Debug|Win32.Build.0 = Debug|Win32
		{7EB39DB2-34DB-4871-A52B-0219E55B6039}.Release|Win32.ActiveCfg = Release|Win32
		{7EB39DB2-34DB-4871-A52B-0219E55B6039}.Release|Win32.Build.0 = Release|Win32
	EndGlobalSection
	GlobalSection(SolutionProperties) = preSolution
		HideSolutionNode = FALSE
	EndGlobalSection
EndGlobal
